// !$*UTF8*$!
{
	archiveVersion = 1;
	classes = {
	};
	objectVersion = 46;
	objects = {

/* Begin PBXBuildFile section */
		1E1F3D1B1CCCA90D0062E7D5 /* exercises in Resources */ = {isa = PBXBuildFile; fileRef = 1E1F3D1A1CCCA90D0062E7D5 /* exercises */; };
/* End PBXBuildFile section */

/* Begin PBXCopyFilesBuildPhase section */
		1EE9CC581CB462CB00C92E6D /* CopyFiles */ = {
			isa = PBXCopyFilesBuildPhase;
			buildActionMask = 2147483647;
			dstPath = /usr/share/man/man1/;
			dstSubfolderSpec = 0;
			files = (
			);
			runOnlyForDeploymentPostprocessing = 1;
		};
/* End PBXCopyFilesBuildPhase section */

/* Begin PBXFileReference section */
		1E1F3D1A1CCCA90D0062E7D5 /* exercises */ = {isa = PBXFileReference; lastKnownFileType = folder; name = exercises; path = ../exercises; sourceTree = SOURCE_ROOT; };
		1E50BCFC1CB465C500FC128D /* xobjectivecTest.xctest */ = {isa = PBXFileReference; explicitFileType = wrapper.cfbundle; includeInIndex = 0; path = xobjectivecTest.xctest; sourceTree = BUILT_PRODUCTS_DIR; };
		1E50BD001CB465C500FC128D /* Info.plist */ = {isa = PBXFileReference; lastKnownFileType = text.plist.xml; path = Info.plist; sourceTree = "<group>"; };
		1EE9CC5A1CB462CB00C92E6D /* ObjectiveC */ = {isa = PBXFileReference; explicitFileType = "compiled.mach-o.executable"; includeInIndex = 0; path = ObjectiveC; sourceTree = BUILT_PRODUCTS_DIR; };
/* End PBXFileReference section */

/* Begin PBXFrameworksBuildPhase section */
		1E50BCF91CB465C500FC128D /* Frameworks */ = {
			isa = PBXFrameworksBuildPhase;
			buildActionMask = 2147483647;
			files = (
			);
			runOnlyForDeploymentPostprocessing = 0;
		};
		1EE9CC571CB462CB00C92E6D /* Frameworks */ = {
			isa = PBXFrameworksBuildPhase;
			buildActionMask = 2147483647;
			files = (
			);
			runOnlyForDeploymentPostprocessing = 0;
		};
/* End PBXFrameworksBuildPhase section */

/* Begin PBXGroup section */
		1E50BCFD1CB465C500FC128D /* xobjectivecTest */ = {
			isa = PBXGroup;
			children = (
				1E1F3D1A1CCCA90D0062E7D5 /* exercises */,
				1E50BD001CB465C500FC128D /* Info.plist */,
			);
			path = xobjectivecTest;
			sourceTree = "<group>";
		};
		1EE9CC511CB462CB00C92E6D = {
			isa = PBXGroup;
			children = (
				1E50BCFD1CB465C500FC128D /* xobjectivecTest */,
				1EE9CC5B1CB462CB00C92E6D /* Products */,
			);
			sourceTree = "<group>";
		};
		1EE9CC5B1CB462CB00C92E6D /* Products */ = {
			isa = PBXGroup;
			children = (
				1EE9CC5A1CB462CB00C92E6D /* ObjectiveC */,
				1E50BCFC1CB465C500FC128D /* xobjectivecTest.xctest */,
			);
			name = Products;
			sourceTree = "<group>";
		};
/* End PBXGroup section */

/* Begin PBXNativeTarget section */
		1E50BCFB1CB465C500FC128D /* xobjectivecTest */ = {
			isa = PBXNativeTarget;
			buildConfigurationList = 1E50BD011CB465C500FC128D /* Build configuration list for PBXNativeTarget "xobjectivecTest" */;
			buildPhases = (
				1E50BCF81CB465C500FC128D /* Sources */,
				1E50BCF91CB465C500FC128D /* Frameworks */,
				1E50BCFA1CB465C500FC128D /* Resources */,
			);
			buildRules = (
			);
			dependencies = (
			);
			name = xobjectivecTest;
			productName = xobjectivecTest;
			productReference = 1E50BCFC1CB465C500FC128D /* xobjectivecTest.xctest */;
			productType = "com.apple.product-type.bundle.unit-test";
		};
		1EE9CC591CB462CB00C92E6D /* ObjectiveC */ = {
			isa = PBXNativeTarget;
			buildConfigurationList = 1EE9CC611CB462CB00C92E6D /* Build configuration list for PBXNativeTarget "ObjectiveC" */;
			buildPhases = (
				1EE9CC561CB462CB00C92E6D /* Sources */,
				1EE9CC571CB462CB00C92E6D /* Frameworks */,
				1EE9CC581CB462CB00C92E6D /* CopyFiles */,
			);
			buildRules = (
			);
			dependencies = (
			);
			name = ObjectiveC;
			productName = ObjectiveC;
			productReference = 1EE9CC5A1CB462CB00C92E6D /* ObjectiveC */;
			productType = "com.apple.product-type.tool";
		};
/* End PBXNativeTarget section */

/* Begin PBXProject section */
		1EE9CC521CB462CB00C92E6D /* Project object */ = {
			isa = PBXProject;
			attributes = {
				LastUpgradeCheck = 0730;
				ORGANIZATIONNAME = exercism;
				TargetAttributes = {
					1E50BCFB1CB465C500FC128D = {
						CreatedOnToolsVersion = 7.3;
					};
					1EE9CC591CB462CB00C92E6D = {
						CreatedOnToolsVersion = 7.3;
					};
				};
			};
			buildConfigurationList = 1EE9CC551CB462CB00C92E6D /* Build configuration list for PBXProject "ObjectiveC" */;
			compatibilityVersion = "Xcode 3.2";
			developmentRegion = English;
			hasScannedForEncodings = 0;
			knownRegions = (
				en,
			);
			mainGroup = 1EE9CC511CB462CB00C92E6D;
			productRefGroup = 1EE9CC5B1CB462CB00C92E6D /* Products */;
			projectDirPath = "";
			projectRoot = "";
			targets = (
				1EE9CC591CB462CB00C92E6D /* ObjectiveC */,
				1E50BCFB1CB465C500FC128D /* xobjectivecTest */,
			);
		};
/* End PBXProject section */

/* Begin PBXResourcesBuildPhase section */
		1E50BCFA1CB465C500FC128D /* Resources */ = {
			isa = PBXResourcesBuildPhase;
			buildActionMask = 2147483647;
			files = (
				1E1F3D1B1CCCA90D0062E7D5 /* exercises in Resources */,
			);
			runOnlyForDeploymentPostprocessing = 0;
		};
/* End PBXResourcesBuildPhase section */

/* Begin PBXSourcesBuildPhase section */
		1E50BCF81CB465C500FC128D /* Sources */ = {
			isa = PBXSourcesBuildPhase;
			buildActionMask = 2147483647;
			files = (
			);
			runOnlyForDeploymentPostprocessing = 0;
		};
		1EE9CC561CB462CB00C92E6D /* Sources */ = {
			isa = PBXSourcesBuildPhase;
			buildActionMask = 2147483647;
			files = (
			);
			runOnlyForDeploymentPostprocessing = 0;
		};
/* End PBXSourcesBuildPhase section */

/* Begin XCBuildConfiguration section */
		1E50BD021CB465C500FC128D /* Debug */ = {
			isa = XCBuildConfiguration;
			buildSettings = {
				COMBINE_HIDPI_IMAGES = YES;
				INFOPLIST_FILE = xobjectivecTest/Info.plist;
				LD_RUNPATH_SEARCH_PATHS = "$(inherited) @executable_path/../Frameworks @loader_path/../Frameworks";
				PRODUCT_BUNDLE_IDENTIFIER = com.exercism.xobjectivecTest;
				PRODUCT_NAME = "$(TARGET_NAME)";
			};
			name = Debug;
		};
		1E50BD031CB465C500FC128D /* Release */ = {
			isa = XCBuildConfiguration;
			buildSettings = {
				COMBINE_HIDPI_IMAGES = YES;
				INFOPLIST_FILE = xobjectivecTest/Info.plist;
				LD_RUNPATH_SEARCH_PATHS = "$(inherited) @executable_path/../Frameworks @loader_path/../Frameworks";
				PRODUCT_BUNDLE_IDENTIFIER = com.exercism.xobjectivecTest;
				PRODUCT_NAME = "$(TARGET_NAME)";
			};
			name = Release;
		};
		1EE9CC5F1CB462CB00C92E6D /* Debug */ = {
			isa = XCBuildConfiguration;
			buildSettings = {
				ALWAYS_SEARCH_USER_PATHS = NO;
				CLANG_ANALYZER_NONNULL = YES;
				CLANG_CXX_LANGUAGE_STANDARD = "gnu++0x";
				CLANG_CXX_LIBRARY = "libc++";
				CLANG_ENABLE_MODULES = YES;
				CLANG_ENABLE_OBJC_ARC = YES;
				CLANG_WARN_BOOL_CONVERSION = YES;
				CLANG_WARN_CONSTANT_CONVERSION = YES;
				CLANG_WARN_DIRECT_OBJC_ISA_USAGE = YES_ERROR;
				CLANG_WARN_EMPTY_BODY = YES;
				CLANG_WARN_ENUM_CONVERSION = YES;
				CLANG_WARN_INT_CONVERSION = YES;
				CLANG_WARN_OBJC_ROOT_CLASS = YES_ERROR;
				CLANG_WARN_UNREACHABLE_CODE = YES;
				CLANG_WARN__DUPLICATE_METHOD_MATCH = YES;
				CODE_SIGN_IDENTITY = "-";
				COPY_PHASE_STRIP = NO;
				DEBUG_INFORMATION_FORMAT = dwarf;
				ENABLE_STRICT_OBJC_MSGSEND = YES;
				ENABLE_TESTABILITY = YES;
				GCC_C_LANGUAGE_STANDARD = gnu99;
				GCC_DYNAMIC_NO_PIC = NO;
				GCC_NO_COMMON_BLOCKS = YES;
				GCC_OPTIMIZATION_LEVEL = 0;
				GCC_PREPROCESSOR_DEFINITIONS = (
					"DEBUG=1",
					"$(inherited)",
				);
				GCC_WARN_64_TO_32_BIT_CONVERSION = YES;
				GCC_WARN_ABOUT_RETURN_TYPE = YES_ERROR;
				GCC_WARN_UNDECLARED_SELECTOR = YES;
				GCC_WARN_UNINITIALIZED_AUTOS = YES_AGGRESSIVE;
				GCC_WARN_UNUSED_FUNCTION = YES;
				GCC_WARN_UNUSED_VARIABLE = YES;
				MACOSX_DEPLOYMENT_TARGET = 10.11;
				MTL_ENABLE_DEBUG_INFO = YES;
				ONLY_ACTIVE_ARCH = YES;
				SDKROOT = macosx;
			};
			name = Debug;
		};
		1EE9CC601CB462CB00C92E6D /* Release */ = {
			isa = XCBuildConfiguration;
			buildSettings = {
				ALWAYS_SEARCH_USER_PATHS = NO;
				CLANG_ANALYZER_NONNULL = YES;
				CLANG_CXX_LANGUAGE_STANDARD = "gnu++0x";
				CLANG_CXX_LIBRARY = "libc++";
				CLANG_ENABLE_MODULES = YES;
				CLANG_ENABLE_OBJC_ARC = YES;
				CLANG_WARN_BOOL_CONVERSION = YES;
				CLANG_WARN_CONSTANT_CONVERSION = YES;
				CLANG_WARN_DIRECT_OBJC_ISA_USAGE = YES_ERROR;
				CLANG_WARN_EMPTY_BODY = YES;
				CLANG_WARN_ENUM_CONVERSION = YES;
				CLANG_WARN_INT_CONVERSION = YES;
				CLANG_WARN_OBJC_ROOT_CLASS = YES_ERROR;
				CLANG_WARN_UNREACHABLE_CODE = YES;
				CLANG_WARN__DUPLICATE_METHOD_MATCH = YES;
				CODE_SIGN_IDENTITY = "-";
				COPY_PHASE_STRIP = NO;
				DEBUG_INFORMATION_FORMAT = "dwarf-with-dsym";
				ENABLE_NS_ASSERTIONS = NO;
				ENABLE_STRICT_OBJC_MSGSEND = YES;
				GCC_C_LANGUAGE_STANDARD = gnu99;
				GCC_NO_COMMON_BLOCKS = YES;
				GCC_WARN_64_TO_32_BIT_CONVERSION = YES;
				GCC_WARN_ABOUT_RETURN_TYPE = YES_ERROR;
				GCC_WARN_UNDECLARED_SELECTOR = YES;
				GCC_WARN_UNINITIALIZED_AUTOS = YES_AGGRESSIVE;
				GCC_WARN_UNUSED_FUNCTION = YES;
				GCC_WARN_UNUSED_VARIABLE = YES;
				MACOSX_DEPLOYMENT_TARGET = 10.11;
				MTL_ENABLE_DEBUG_INFO = NO;
				SDKROOT = macosx;
			};
			name = Release;
		};
		1EE9CC621CB462CB00C92E6D /* Debug */ = {
			isa = XCBuildConfiguration;
			buildSettings = {
				PRODUCT_NAME = "$(TARGET_NAME)";
			};
			name = Debug;
		};
		1EE9CC631CB462CB00C92E6D /* Release */ = {
			isa = XCBuildConfiguration;
			buildSettings = {
				PRODUCT_NAME = "$(TARGET_NAME)";
			};
			name = Release;
		};
/* End XCBuildConfiguration section */

/* Begin XCConfigurationList section */
		1E50BD011CB465C500FC128D /* Build configuration list for PBXNativeTarget "xobjectivecTest" */ = {
			isa = XCConfigurationList;
			buildConfigurations = (
				1E50BD021CB465C500FC128D /* Debug */,
				1E50BD031CB465C500FC128D /* Release */,
			);
			defaultConfigurationIsVisible = 0;
			defaultConfigurationName = Release;
		};
		1EE9CC551CB462CB00C92E6D /* Build configuration list for PBXProject "ObjectiveC" */ = {
			isa = XCConfigurationList;
			buildConfigurations = (
				1EE9CC5F1CB462CB00C92E6D /* Debug */,
				1EE9CC601CB462CB00C92E6D /* Release */,
			);
			defaultConfigurationIsVisible = 0;
			defaultConfigurationName = Release;
		};
		1EE9CC611CB462CB00C92E6D /* Build configuration list for PBXNativeTarget "ObjectiveC" */ = {
			isa = XCConfigurationList;
			buildConfigurations = (
				1EE9CC621CB462CB00C92E6D /* Debug */,
				1EE9CC631CB462CB00C92E6D /* Release */,
			);
			defaultConfigurationIsVisible = 0;
			defaultConfigurationName = Release;
		};
/* End XCConfigurationList section */
	};
	rootObject = 1EE9CC521CB462CB00C92E6D /* Project object */;
}
